
Microsoft Visual Studio Solution File, Format Version 12.00
# Visual Studio Version 17
VisualStudioVersion = 17.14.36623.8
MinimumVisualStudioVersion = 10.0.40219.1
Project("{FAE04EC0-301F-11D3-BF4B-00C04F79EFBC}") = "Yatzy", "Yatzy\Yatzy.csproj", "{C7C51003-E658-4295-812E-4CE3FE24DCA4}"
EndProject
Project("{FAE04EC0-301F-11D3-BF4B-00C04F79EFBC}") = "FL2", "FL2\FL2.csproj", "{AF79001E-E46F-153F-CF8A-57AB539994AA}"
EndProject
Project("{FAE04EC0-301F-11D3-BF4B-00C04F79EFBC}") = "ColourSwapper", "ColourSwapper\ColourSwapper.csproj", "{850119E9-C4C9-55BB-E340-2E65EEB84572}"
EndProject
Project("{FAE04EC0-301F-11D3-BF4B-00C04F79EFBC}") = "FL8", "FL8\FL8.csproj", "{12ED34DC-A05E-4EEC-BB07-4354E9F6008A}"
EndProject
Project("{FAE04EC0-301F-11D3-BF4B-00C04F79EFBC}") = "FL-figurer", "FL-figurer\FL-figurer.csproj", "{64D71FBA-01EE-4BFB-A8A6-03FA4E6B5970}"
EndProject
Project("{FAE04EC0-301F-11D3-BF4B-00C04F79EFBC}") = "exempeltenta-bil", "exempeltenta-bil\exempeltenta-bil.csproj", "{731BF27D-6CEA-4EA2-8975-F5BA47FC6D05}"
EndProject
Project("{FAE04EC0-301F-11D3-BF4B-00C04F79EFBC}") = "exempeltenta-bil-blackjack", "exempeltenta-bil-blackjack\exempeltenta-bil-blackjack.csproj", "{32E3098C-C2BD-4180-A0C6-A104CA3767F2}"
EndProject
Project("{FAE04EC0-301F-11D3-BF4B-00C04F79EFBC}") = "exempeltenta-musikhjalp", "exempeltenta-musikhjalp\exempeltenta-musikhjalp.csproj", "{599D40F5-36D0-4FBB-8D27-77B82AC8F197}"
EndProject
Project("{FAE04EC0-301F-11D3-BF4B-00C04F79EFBC}") = "exempeltenta-starwars", "exempeltenta-starwars\exempeltenta-starwars.csproj", "{19258160-F032-4DD9-A6EE-5FE1E3D5FCD1}"
EndProject
Project("{FAE04EC0-301F-11D3-BF4B-00C04F79EFBC}") = "exempeltenta-starwars-uppg2", "exempeltenta-starwars-uppg2\exempeltenta-starwars-uppg2.csproj", "{B497EABB-35F8-46D2-B9A3-9B193AF24F2F}"
EndProject
Global
	GlobalSection(SolutionConfigurationPlatforms) = preSolution
		Debug|Any CPU = Debug|Any CPU
		Release|Any CPU = Release|Any CPU
	EndGlobalSection
	GlobalSection(ProjectConfigurationPlatforms) = postSolution
		{C7C51003-E658-4295-812E-4CE3FE24DCA4}.Debug|Any CPU.ActiveCfg = Debug|Any CPU
		{C7C51003-E658-4295-812E-4CE3FE24DCA4}.Debug|Any CPU.Build.0 = Debug|Any CPU
		{C7C51003-E658-4295-812E-4CE3FE24DCA4}.Release|Any CPU.ActiveCfg = Release|Any CPU
		{C7C51003-E658-4295-812E-4CE3FE24DCA4}.Release|Any CPU.Build.0 = Release|Any CPU
		{AF79001E-E46F-153F-CF8A-57AB539994AA}.Debug|Any CPU.ActiveCfg = Debug|Any CPU
		{AF79001E-E46F-153F-CF8A-57AB539994AA}.Debug|Any CPU.Build.0 = Debug|Any CPU
		{AF79001E-E46F-153F-CF8A-57AB539994AA}.Release|Any CPU.ActiveCfg = Release|Any CPU
		{AF79001E-E46F-153F-CF8A-57AB539994AA}.Release|Any CPU.Build.0 = Release|Any CPU
		{850119E9-C4C9-55BB-E340-2E65EEB84572}.Debug|Any CPU.ActiveCfg = Debug|Any CPU
		{850119E9-C4C9-55BB-E340-2E65EEB84572}.Debug|Any CPU.Build.0 = Debug|Any CPU
		{850119E9-C4C9-55BB-E340-2E65EEB84572}.Release|Any CPU.ActiveCfg = Release|Any CPU
		{850119E9-C4C9-55BB-E340-2E65EEB84572}.Release|Any CPU.Build.0 = Release|Any CPU
		{12ED34DC-A05E-4EEC-BB07-4354E9F6008A}.Debug|Any CPU.ActiveCfg = Debug|Any CPU
		{12ED34DC-A05E-4EEC-BB07-4354E9F6008A}.Debug|Any CPU.Build.0 = Debug|Any CPU
		{12ED34DC-A05E-4EEC-BB07-4354E9F6008A}.Release|Any CPU.ActiveCfg = Release|Any CPU
		{12ED34DC-A05E-4EEC-BB07-4354E9F6008A}.Release|Any CPU.Build.0 = Release|Any CPU
		{64D71FBA-01EE-4BFB-A8A6-03FA4E6B5970}.Debug|Any CPU.ActiveCfg = Debug|Any CPU
		{64D71FBA-01EE-4BFB-A8A6-03FA4E6B5970}.Debug|Any CPU.Build.0 = Debug|Any CPU
		{64D71FBA-01EE-4BFB-A8A6-03FA4E6B5970}.Release|Any CPU.ActiveCfg = Release|Any CPU
		{64D71FBA-01EE-4BFB-A8A6-03FA4E6B5970}.Release|Any CPU.Build.0 = Release|Any CPU
		{731BF27D-6CEA-4EA2-8975-F5BA47FC6D05}.Debug|Any CPU.ActiveCfg = Debug|Any CPU
		{731BF27D-6CEA-4EA2-8975-F5BA47FC6D05}.Debug|Any CPU.Build.0 = Debug|Any CPU
		{731BF27D-6CEA-4EA2-8975-F5BA47FC6D05}.Release|Any CPU.ActiveCfg = Release|Any CPU
		{731BF27D-6CEA-4EA2-8975-F5BA47FC6D05}.Release|Any CPU.Build.0 = Release|Any CPU
		{32E3098C-C2BD-4180-A0C6-A104CA3767F2}.Debug|Any CPU.ActiveCfg = Debug|Any CPU
		{32E3098C-C2BD-4180-A0C6-A104CA3767F2}.Debug|Any CPU.Build.0 = Debug|Any CPU
		{32E3098C-C2BD-4180-A0C6-A104CA3767F2}.Release|Any CPU.ActiveCfg = Release|Any CPU
		{32E3098C-C2BD-4180-A0C6-A104CA3767F2}.Release|Any CPU.Build.0 = Release|Any CPU
		{599D40F5-36D0-4FBB-8D27-77B82AC8F197}.Debug|Any CPU.ActiveCfg = Debug|Any CPU
		{599D40F5-36D0-4FBB-8D27-77B82AC8F197}.Debug|Any CPU.Build.0 = Debug|Any CPU
		{599D40F5-36D0-4FBB-8D27-77B82AC8F197}.Release|Any CPU.ActiveCfg = Release|Any CPU
		{599D40F5-36D0-4FBB-8D27-77B82AC8F197}.Release|Any CPU.Build.0 = Release|Any CPU
		{19258160-F032-4DD9-A6EE-5FE1E3D5FCD1}.Debug|Any CPU.ActiveCfg = Debug|Any CPU
		{19258160-F032-4DD9-A6EE-5FE1E3D5FCD1}.Debug|Any CPU.Build.0 = Debug|Any CPU
		{19258160-F032-4DD9-A6EE-5FE1E3D5FCD1}.Release|Any CPU.ActiveCfg = Release|Any CPU
		{19258160-F032-4DD9-A6EE-5FE1E3D5FCD1}.Release|Any CPU.Build.0 = Release|Any CPU
		{B497EABB-35F8-46D2-B9A3-9B193AF24F2F}.Debug|Any CPU.ActiveCfg = Debug|Any CPU
		{B497EABB-35F8-46D2-B9A3-9B193AF24F2F}.Debug|Any CPU.Build.0 = Debug|Any CPU
		{B497EABB-35F8-46D2-B9A3-9B193AF24F2F}.Release|Any CPU.ActiveCfg = Release|Any CPU
		{B497EABB-35F8-46D2-B9A3-9B193AF24F2F}.Release|Any CPU.Build.0 = Release|Any CPU
	EndGlobalSection
	GlobalSection(SolutionProperties) = preSolution
		HideSolutionNode = FALSE
	EndGlobalSection
	GlobalSection(ExtensibilityGlobals) = postSolution
		SolutionGuid = {9E71F74F-1517-41D6-BD18-D52E1A902BE2}
	EndGlobalSection
EndGlobal
